
Microsoft Visual Studio Solution File, Format Version 12.00
# Visual Studio Version 17
VisualStudioVersion = 17.10.34928.147
MinimumVisualStudioVersion = 10.0.40219.1
Project("{FAE04EC0-301F-11D3-BF4B-00C04F79EFBC}") = "WinFormsApp1", "WinFormsApp1\WinFormsApp1.csproj", "{B00F83A3-9616-45EF-B185-C105371DE4B0}"
EndProject
Global
	GlobalSection(SolutionConfigurationPlatforms) = preSolution
		Debug|Any CPU = Debug|Any CPU
		Release|Any CPU = Release|Any CPU
	EndGlobalSection
	GlobalSection(ProjectConfigurationPlatforms) = postSolution
		{B00F83A3-9616-45EF-B185-C105371DE4B0}.Debug|Any CPU.ActiveCfg = Debug|Any CPU
		{B00F83A3-9616-45EF-B185-C105371DE4B0}.Debug|Any CPU.Build.0 = Debug|Any CPU
		{B00F83A3-9616-45EF-B185-C105371DE4B0}.Release|Any CPU.ActiveCfg = Release|Any CPU
		{B00F83A3-9616-45EF-B185-C105371DE4B0}.Release|Any CPU.Build.0 = Release|Any CPU
	EndGlobalSection
	GlobalSection(SolutionProperties) = preSolution
		HideSolutionNode = FALSE
	EndGlobalSection
	GlobalSection(ExtensibilityGlobals) = postSolution
		SolutionGuid = {0C472B24-F248-4D54-946E-B1523A467815}
	EndGlobalSection
EndGlobal
