
Microsoft Visual Studio Solution File, Format Version 12.00
# Visual Studio Version 17
VisualStudioVersion = 17.6.33815.320
MinimumVisualStudioVersion = 10.0.40219.1
Project("{FAE04EC0-301F-11D3-BF4B-00C04F79EFBC}") = "BaiTap3", "BaiTap3\BaiTap3.csproj", "{8E64DF69-5E08-4D6C-99FB-5874267C373D}"
EndProject
Global
	GlobalSection(SolutionConfigurationPlatforms) = preSolution
		Debug|Any CPU = Debug|Any CPU
		Release|Any CPU = Release|Any CPU
	EndGlobalSection
	GlobalSection(ProjectConfigurationPlatforms) = postSolution
		{8E64DF69-5E08-4D6C-99FB-5874267C373D}.Debug|Any CPU.ActiveCfg = Debug|Any CPU
		{8E64DF69-5E08-4D6C-99FB-5874267C373D}.Debug|Any CPU.Build.0 = Debug|Any CPU
		{8E64DF69-5E08-4D6C-99FB-5874267C373D}.Release|Any CPU.ActiveCfg = Release|Any CPU
		{8E64DF69-5E08-4D6C-99FB-5874267C373D}.Release|Any CPU.Build.0 = Release|Any CPU
	EndGlobalSection
	GlobalSection(SolutionProperties) = preSolution
		HideSolutionNode = FALSE
	EndGlobalSection
	GlobalSection(ExtensibilityGlobals) = postSolution
		SolutionGuid = {CA1DCB09-910D-4B72-A64B-AC9020237DC3}
	EndGlobalSection
EndGlobal
